// !$*UTF8*$!
{
	archiveVersion = 1;
	classes = {
	};
	objectVersion = 46;
	objects = {

/* Begin PBXBuildFile section */
		30402B041C678E4B00FF9275 /* AppDelegate.swift in Sources */ = {isa = PBXBuildFile; fileRef = 30402B031C678E4B00FF9275 /* AppDelegate.swift */; };
		30402B061C678E4B00FF9275 /* ViewController.swift in Sources */ = {isa = PBXBuildFile; fileRef = 30402B051C678E4B00FF9275 /* ViewController.swift */; };
		30402B091C678E4B00FF9275 /* Main.storyboard in Resources */ = {isa = PBXBuildFile; fileRef = 30402B071C678E4B00FF9275 /* Main.storyboard */; };
		30402B0B1C678E4B00FF9275 /* Images.xcassets in Resources */ = {isa = PBXBuildFile; fileRef = 30402B0A1C678E4B00FF9275 /* Images.xcassets */; };
		30402B0E1C678E4B00FF9275 /* LaunchScreen.xib in Resources */ = {isa = PBXBuildFile; fileRef = 30402B0C1C678E4B00FF9275 /* LaunchScreen.xib */; };
		30402B1A1C678E4B00FF9275 /* stopwatchTests.swift in Sources */ = {isa = PBXBuildFile; fileRef = 30402B191C678E4B00FF9275 /* stopwatchTests.swift */; };
/* End PBXBuildFile section */

/* Begin PBXContainerItemProxy section */
		30402B141C678E4B00FF9275 /* PBXContainerItemProxy */ = {
			isa = PBXContainerItemProxy;
			containerPortal = 30402AF61C678E4B00FF9275 /* Project object */;
			proxyType = 1;
			remoteGlobalIDString = 30402AFD1C678E4B00FF9275;
			remoteInfo = stopwatch;
		};
/* End PBXContainerItemProxy section */

/* Begin PBXFileReference section */
		30402AFE1C678E4B00FF9275 /* stopwatch.app */ = {isa = PBXFileReference; explicitFileType = wrapper.application; includeInIndex = 0; path = stopwatch.app; sourceTree = BUILT_PRODUCTS_DIR; };
		30402B021C678E4B00FF9275 /* Info.plist */ = {isa = PBXFileReference; lastKnownFileType = text.plist.xml; path = Info.plist; sourceTree = "<group>"; };
		30402B031C678E4B00FF9275 /* AppDelegate.swift */ = {isa = PBXFileReference; lastKnownFileType = sourcecode.swift; path = AppDelegate.swift; sourceTree = "<group>"; };
		30402B051C678E4B00FF9275 /* ViewController.swift */ = {isa = PBXFileReference; lastKnownFileType = sourcecode.swift; path = ViewController.swift; sourceTree = "<group>"; };
		30402B081C678E4B00FF9275 /* Base */ = {isa = PBXFileReference; lastKnownFileType = file.storyboard; name = Base; path = Base.lproj/Main.storyboard; sourceTree = "<group>"; };
		30402B0A1C678E4B00FF9275 /* Images.xcassets */ = {isa = PBXFileReference; lastKnownFileType = folder.assetcatalog; path = Images.xcassets; sourceTree = "<group>"; };
		30402B0D1C678E4B00FF9275 /* Base */ = {isa = PBXFileReference; lastKnownFileType = file.xib; name = Base; path = Base.lproj/LaunchScreen.xib; sourceTree = "<group>"; };
		30402B131C678E4B00FF9275 /* stopwatchTests.xctest */ = {isa = PBXFileReference; explicitFileType = wrapper.cfbundle; includeInIndex = 0; path = stopwatchTests.xctest; sourceTree = BUILT_PRODUCTS_DIR; };
		30402B181C678E4B00FF9275 /* Info.plist */ = {isa = PBXFileReference; lastKnownFileType = text.plist.xml; path = Info.plist; sourceTree = "<group>"; };
		30402B191C678E4B00FF9275 /* stopwatchTests.swift */ = {isa = PBXFileReference; lastKnownFileType = sourcecode.swift; path = stopwatchTests.swift; sourceTree = "<group>"; };
/* End PBXFileReference section */

/* Begin PBXFrameworksBuildPhase section */
		30402AFB1C678E4B00FF9275 /* Frameworks */ = {
			isa = PBXFrameworksBuildPhase;
			buildActionMask = 2147483647;
			files = (
			);
			runOnlyForDeploymentPostprocessing = 0;
		};
		30402B101C678E4B00FF9275 /* Frameworks */ = {
			isa = PBXFrameworksBuildPhase;
			buildActionMask = 2147483647;
			files = (
			);
			runOnlyForDeploymentPostprocessing = 0;
		};
/* End PBXFrameworksBuildPhase section */

/* Begin PBXGroup section */
		30402AF51C678E4B00FF9275 = {
			isa = PBXGroup;
			children = (
				30402B001C678E4B00FF9275 /* stopwatch */,
				30402B161C678E4B00FF9275 /* stopwatchTests */,
				30402AFF1C678E4B00FF9275 /* Products */,
			);
			sourceTree = "<group>";
		};
		30402AFF1C678E4B00FF9275 /* Products */ = {
			isa = PBXGroup;
			children = (
				30402AFE1C678E4B00FF9275 /* stopwatch.app */,
				30402B131C678E4B00FF9275 /* stopwatchTests.xctest */,
			);
			name = Products;
			sourceTree = "<group>";
		};
		30402B001C678E4B00FF9275 /* stopwatch */ = {
			isa = PBXGroup;
			children = (
				30402B031C678E4B00FF9275 /* AppDelegate.swift */,
				30402B051C678E4B00FF9275 /* ViewController.swift */,
				30402B071C678E4B00FF9275 /* Main.storyboard */,
				30402B0A1C678E4B00FF9275 /* Images.xcassets */,
				30402B0C1C678E4B00FF9275 /* LaunchScreen.xib */,
				30402B011C678E4B00FF9275 /* Supporting Files */,
			);
			path = stopwatch;
			sourceTree = "<group>";
		};
		30402B011C678E4B00FF9275 /* Supporting Files */ = {
			isa = PBXGroup;
			children = (
				30402B021C678E4B00FF9275 /* Info.plist */,
			);
			name = "Supporting Files";
			sourceTree = "<group>";
		};
		30402B161C678E4B00FF9275 /* stopwatchTests */ = {
			isa = PBXGroup;
			children = (
				30402B191C678E4B00FF9275 /* stopwatchTests.swift */,
				30402B171C678E4B00FF9275 /* Supporting Files */,
			);
			path = stopwatchTests;
			sourceTree = "<group>";
		};
		30402B171C678E4B00FF9275 /* Supporting Files */ = {
			isa = PBXGroup;
			children = (
				30402B181C678E4B00FF9275 /* Info.plist */,
			);
			name = "Supporting Files";
			sourceTree = "<group>";
		};
/* End PBXGroup section */

/* Begin PBXNativeTarget section */
		30402AFD1C678E4B00FF9275 /* stopwatch */ = {
			isa = PBXNativeTarget;
			buildConfigurationList = 30402B1D1C678E4B00FF9275 /* Build configuration list for PBXNativeTarget "stopwatch" */;
			buildPhases = (
				30402AFA1C678E4B00FF9275 /* Sources */,
				30402AFB1C678E4B00FF9275 /* Frameworks */,
				30402AFC1C678E4B00FF9275 /* Resources */,
			);
			buildRules = (
			);
			dependencies = (
			);
			name = stopwatch;
			productName = stopwatch;
			productReference = 30402AFE1C678E4B00FF9275 /* stopwatch.app */;
			productType = "com.apple.product-type.application";
		};
		30402B121C678E4B00FF9275 /* stopwatchTests */ = {
			isa = PBXNativeTarget;
			buildConfigurationList = 30402B201C678E4B00FF9275 /* Build configuration list for PBXNativeTarget "stopwatchTests" */;
			buildPhases = (
				30402B0F1C678E4B00FF9275 /* Sources */,
				30402B101C678E4B00FF9275 /* Frameworks */,
				30402B111C678E4B00FF9275 /* Resources */,
			);
			buildRules = (
			);
			dependencies = (
				30402B151C678E4B00FF9275 /* PBXTargetDependency */,
			);
			name = stopwatchTests;
			productName = stopwatchTests;
			productReference = 30402B131C678E4B00FF9275 /* stopwatchTests.xctest */;
			productType = "com.apple.product-type.bundle.unit-test";
		};
/* End PBXNativeTarget section */

/* Begin PBXProject section */
		30402AF61C678E4B00FF9275 /* Project object */ = {
			isa = PBXProject;
			attributes = {
				LastUpgradeCheck = 0640;
				ORGANIZATIONNAME = latheeshks;
				TargetAttributes = {
					30402AFD1C678E4B00FF9275 = {
						CreatedOnToolsVersion = 6.4;
					};
					30402B121C678E4B00FF9275 = {
						CreatedOnToolsVersion = 6.4;
						TestTargetID = 30402AFD1C678E4B00FF9275;
					};
				};
			};
			buildConfigurationList = 30402AF91C678E4B00FF9275 /* Build configuration list for PBXProject "stopwatch" */;
			compatibilityVersion = "Xcode 3.2";
			developmentRegion = English;
			hasScannedForEncodings = 0;
			knownRegions = (
				en,
				Base,
			);
			mainGroup = 30402AF51C678E4B00FF9275;
			productRefGroup = 30402AFF1C678E4B00FF9275 /* Products */;
			projectDirPath = "";
			projectRoot = "";
			targets = (
				30402AFD1C678E4B00FF9275 /* stopwatch */,
				30402B121C678E4B00FF9275 /* stopwatchTests */,
			);
		};
/* End PBXProject section */

/* Begin PBXResourcesBuildPhase section */
		30402AFC1C678E4B00FF9275 /* Resources */ = {
			isa = PBXResourcesBuildPhase;
			buildActionMask = 2147483647;
			files = (
				30402B091C678E4B00FF9275 /* Main.storyboard in Resources */,
				30402B0E1C678E4B00FF9275 /* LaunchScreen.xib in Resources */,
				30402B0B1C678E4B00FF9275 /* Images.xcassets in Resources */,
			);
			runOnlyForDeploymentPostprocessing = 0;
		};
		30402B111C678E4B00FF9275 /* Resources */ = {
			isa = PBXResourcesBuildPhase;
			buildActionMask = 2147483647;
			files = (
			);
			runOnlyForDeploymentPostprocessing = 0;
		};
/* End PBXResourcesBuildPhase section */

/* Begin PBXSourcesBuildPhase section */
		30402AFA1C678E4B00FF9275 /* Sources */ = {
			isa = PBXSourcesBuildPhase;
			buildActionMask = 2147483647;
			files = (
				30402B061C678E4B00FF9275 /* ViewController.swift in Sources */,
				30402B041C678E4B00FF9275 /* AppDelegate.swift in Sources */,
			);
			runOnlyForDeploymentPostprocessing = 0;
		};
		30402B0F1C678E4B00FF9275 /* Sources */ = {
			isa = PBXSourcesBuildPhase;
			buildActionMask = 2147483647;
			files = (
				30402B1A1C678E4B00FF9275 /* stopwatchTests.swift in Sources */,
			);
			runOnlyForDeploymentPostprocessing = 0;
		};
/* End PBXSourcesBuildPhase section */

/* Begin PBXTargetDependency section */
		30402B151C678E4B00FF9275 /* PBXTargetDependency */ = {
			isa = PBXTargetDependency;
			target = 30402AFD1C678E4B00FF9275 /* stopwatch */;
			targetProxy = 30402B141C678E4B00FF9275 /* PBXContainerItemProxy */;
		};
/* End PBXTargetDependency section */

/* Begin PBXVariantGroup section */
		30402B071C678E4B00FF9275 /* Main.storyboard */ = {
			isa = PBXVariantGroup;
			children = (
				30402B081C678E4B00FF9275 /* Base */,
			);
			name = Main.storyboard;
			sourceTree = "<group>";
		};
		30402B0C1C678E4B00FF9275 /* LaunchScreen.xib */ = {
			isa = PBXVariantGroup;
			children = (
				30402B0D1C678E4B00FF9275 /* Base */,
			);
			name = LaunchScreen.xib;
			sourceTree = "<group>";
		};
/* End PBXVariantGroup section */

/* Begin XCBuildConfiguration section */
		30402B1B1C678E4B00FF9275 /* Debug */ = {
			isa = XCBuildConfiguration;
			buildSettings = {
				ALWAYS_SEARCH_USER_PATHS = NO;
				CLANG_CXX_LANGUAGE_STANDARD = "gnu++0x";
				CLANG_CXX_LIBRARY = "libc++";
				CLANG_ENABLE_MODULES = YES;
				CLANG_ENABLE_OBJC_ARC = YES;
				CLANG_WARN_BOOL_CONVERSION = YES;
				CLANG_WARN_CONSTANT_CONVERSION = YES;
				CLANG_WARN_DIRECT_OBJC_ISA_USAGE = YES_ERROR;
				CLANG_WARN_EMPTY_BODY = YES;
				CLANG_WARN_ENUM_CONVERSION = YES;
				CLANG_WARN_INT_CONVERSION = YES;
				CLANG_WARN_OBJC_ROOT_CLASS = YES_ERROR;
				CLANG_WARN_UNREACHABLE_CODE = YES;
				CLANG_WARN__DUPLICATE_METHOD_MATCH = YES;
				"CODE_SIGN_IDENTITY[sdk=iphoneos*]" = "iPhone Developer";
				COPY_PHASE_STRIP = NO;
				DEBUG_INFORMATION_FORMAT = "dwarf-with-dsym";
				ENABLE_STRICT_OBJC_MSGSEND = YES;
				GCC_C_LANGUAGE_STANDARD = gnu99;
				GCC_DYNAMIC_NO_PIC = NO;
				GCC_NO_COMMON_BLOCKS = YES;
				GCC_OPTIMIZATION_LEVEL = 0;
				GCC_PREPROCESSOR_DEFINITIONS = (
					"DEBUG=1",
					"$(inherited)",
				);
				GCC_SYMBOLS_PRIVATE_EXTERN = NO;
				GCC_WARN_64_TO_32_BIT_CONVERSION = YES;
				GCC_WARN_ABOUT_RETURN_TYPE = YES_ERROR;
				GCC_WARN_UNDECLARED_SELECTOR = YES;
				GCC_WARN_UNINITIALIZED_AUTOS = YES_AGGRESSIVE;
				GCC_WARN_UNUSED_FUNCTION = YES;
				GCC_WARN_UNUSED_VARIABLE = YES;
				IPHONEOS_DEPLOYMENT_TARGET = 8.4;
				MTL_ENABLE_DEBUG_INFO = YES;
				ONLY_ACTIVE_ARCH = YES;
				SDKROOT = iphoneos;
				SWIFT_OPTIMIZATION_LEVEL = "-Onone";
			};
			name = Debug;
		};
		30402B1C1C678E4B00FF9275 /* Release */ = {
			isa = XCBuildConfiguration;
			buildSettings = {
				ALWAYS_SEARCH_USER_PATHS = NO;
				CLANG_CXX_LANGUAGE_STANDARD = "gnu++0x";
				CLANG_CXX_LIBRARY = "libc++";
				CLANG_ENABLE_MODULES = YES;
				CLANG_ENABLE_OBJC_ARC = YES;
				CLANG_WARN_BOOL_CONVERSION = YES;
				CLANG_WARN_CONSTANT_CONVERSION = YES;
				CLANG_WARN_DIRECT_OBJC_ISA_USAGE = YES_ERROR;
				CLANG_WARN_EMPTY_BODY = YES;
				CLANG_WARN_ENUM_CONVERSION = YES;
				CLANG_WARN_INT_CONVERSION = YES;
				CLANG_WARN_OBJC_ROOT_CLASS = YES_ERROR;
				CLANG_WARN_UNREACHABLE_CODE = YES;
				CLANG_WARN__DUPLICATE_METHOD_MATCH = YES;
				"CODE_SIGN_IDENTITY[sdk=iphoneos*]" = "iPhone Developer";
				COPY_PHASE_STRIP = NO;
				DEBUG_INFORMATION_FORMAT = "dwarf-with-dsym";
				ENABLE_NS_ASSERTIONS = NO;
				ENABLE_STRICT_OBJC_MSGSEND = YES;
				GCC_C_LANGUAGE_STANDARD = gnu99;
				GCC_NO_COMMON_BLOCKS = YES;
				GCC_WARN_64_TO_32_BIT_CONVERSION = YES;
				GCC_WARN_ABOUT_RETURN_TYPE = YES_ERROR;
				GCC_WARN_UNDECLARED_SELECTOR = YES;
				GCC_WARN_UNINITIALIZED_AUTOS = YES_AGGRESSIVE;
				GCC_WARN_UNUSED_FUNCTION = YES;
				GCC_WARN_UNUSED_VARIABLE = YES;
				IPHONEOS_DEPLOYMENT_TARGET = 8.4;
				MTL_ENABLE_DEBUG_INFO = NO;
				SDKROOT = iphoneos;
				VALIDATE_PRODUCT = YES;
			};
			name = Release;
		};
		30402B1E1C678E4B00FF9275 /* Debug */ = {
			isa = XCBuildConfiguration;
			buildSettings = {
				ASSETCATALOG_COMPILER_APPICON_NAME = AppIcon;
				INFOPLIST_FILE = stopwatch/Info.plist;
				LD_RUNPATH_SEARCH_PATHS = "$(inherited) @executable_path/Frameworks";
				PRODUCT_NAME = "$(TARGET_NAME)";
			};
			name = Debug;
		};
		30402B1F1C678E4B00FF9275 /* Release */ = {
			isa = XCBuildConfiguration;
			buildSettings = {
				ASSETCATALOG_COMPILER_APPICON_NAME = AppIcon;
				INFOPLIST_FILE = stopwatch/Info.plist;
				LD_RUNPATH_SEARCH_PATHS = "$(inherited) @executable_path/Frameworks";
				PRODUCT_NAME = "$(TARGET_NAME)";
			};
			name = Release;
		};
		30402B211C678E4B00FF9275 /* Debug */ = {
			isa = XCBuildConfiguration;
			buildSettings = {
				BUNDLE_LOADER = "$(TEST_HOST)";
				FRAMEWORK_SEARCH_PATHS = (
					"$(SDKROOT)/Developer/Library/Frameworks",
					"$(inherited)",
				);
				GCC_PREPROCESSOR_DEFINITIONS = (
					"DEBUG=1",
					"$(inherited)",
				);
				INFOPLIST_FILE = stopwatchTests/Info.plist;
				LD_RUNPATH_SEARCH_PATHS = "$(inherited) @executable_path/Frameworks @loader_path/Frameworks";
				PRODUCT_NAME = "$(TARGET_NAME)";
				TEST_HOST = "$(BUILT_PRODUCTS_DIR)/stopwatch.app/stopwatch";
			};
			name = Debug;
		};
		30402B221C678E4B00FF9275 /* Release */ = {
			isa = XCBuildConfiguration;
			buildSettings = {
				BUNDLE_LOADER = "$(TEST_HOST)";
				FRAMEWORK_SEARCH_PATHS = (
					"$(SDKROOT)/Developer/Library/Frameworks",
					"$(inherited)",
				);
				INFOPLIST_FILE = stopwatchTests/Info.plist;
				LD_RUNPATH_SEARCH_PATHS = "$(inherited) @executable_path/Frameworks @loader_path/Frameworks";
				PRODUCT_NAME = "$(TARGET_NAME)";
				TEST_HOST = "$(BUILT_PRODUCTS_DIR)/stopwatch.app/stopwatch";
			};
			name = Release;
		};
/* End XCBuildConfiguration section */

/* Begin XCConfigurationList section */
		30402AF91C678E4B00FF9275 /* Build configuration list for PBXProject "stopwatch" */ = {
			isa = XCConfigurationList;
			buildConfigurations = (
				30402B1B1C678E4B00FF9275 /* Debug */,
				30402B1C1C678E4B00FF9275 /* Release */,
			);
			defaultConfigurationIsVisible = 0;
			defaultConfigurationName = Release;
		};
		30402B1D1C678E4B00FF9275 /* Build configuration list for PBXNativeTarget "stopwatch" */ = {
			isa = XCConfigurationList;
			buildConfigurations = (
				30402B1E1C678E4B00FF9275 /* Debug */,
				30402B1F1C678E4B00FF9275 /* Release */,
			);
			defaultConfigurationIsVisible = 0;
		};
		30402B201C678E4B00FF9275 /* Build configuration list for PBXNativeTarget "stopwatchTests" */ = {
			isa = XCConfigurationList;
			buildConfigurations = (
				30402B211C678E4B00FF9275 /* Debug */,
				30402B221C678E4B00FF9275 /* Release */,
			);
			defaultConfigurationIsVisible = 0;
		};
/* End XCConfigurationList section */
	};
	rootObject = 30402AF61C678E4B00FF9275 /* Project object */;
}
